{
  "name": "aws-lambda-node",
  "version": "0.0.1",
  "lockfileVersion": 1,
  "requires": true,
  "dependencies": {
    "@opentelemetry/api": {
      "version": "1.4.1",
      "resolved": "https://registry.npmjs.org/@opentelemetry/api/-/api-1.4.1.tgz",
      "integrity": "sha512-O2yRJce1GOc6PAy3QxFM4NzFiWzvScDC1/5ihYBL6BUEVdq0XMWN01sppE+H6bBXbaFYipjwFLEWLg5PaSOThA=="
    }
  }
}
